<?xml version="1.0" encoding="UTF-8" standalone="yes" ?>
<CodeBlocks_project_file>
	<FileVersion major="1" minor="6" />
	<Project>
		<Option title="find_absent" />
		<Option pch_mode="2" />
		<Option compiler="gcc" />
		<Build>
			<Target title="Debug">
				<Option output="bin/Debug/find_absent" prefix_auto="1" extension_auto="1" />
				<Option object_output="obj/Debug/" />
				<Option type="1" />
				<Option compiler="gcc" />
				<Compiler>
					<Add option="-g" />
					<Add directory="C:/Program Files (x86)/IVI Foundation/VISA/WinNT/Include" />
				</Compiler>
				<Linker>
					<Add library="C:/Program Files (x86)/IVI Foundation/VISA/WinNT/lib/msc/visa32.lib" />
					<Add directory="C:/Program Files (x86)/IVI Foundation/VISA/WinNT/Include" />
				</Linker>
			</Target>
			<Target title="Release">
				<Option output="bin/Release/find_absent" prefix_auto="1" extension_auto="1" />
				<Option object_output="obj/Release/" />
				<Option type="1" />
				<Option compiler="gcc" />
				<Compiler>
					<Add option="-O2" />
				</Compiler>
				<Linker>
					<Add option="-s" />
				</Linker>
			</Target>
		</Build>
		<Compiler>
			<Add option="-Wall" />
		</Compiler>
		<Unit filename="bit_parser.c">
			<Option compilerVar="CC" />
		</Unit>
		<Unit filename="bit_parser.h" />
		<Unit filename="conver_to_analyze.c">
			<Option compilerVar="CC" />
		</Unit>
		<Unit filename="conver_to_analyze.h" />
		<Unit filename="data_collect.c">
			<Option compilerVar="CC" />
		</Unit>
		<Unit filename="data_collect.h" />
		<Unit filename="data_conver.c">
			<Option compilerVar="CC" />
		</Unit>
		<Unit filename="data_conver.h" />
		<Unit filename="find_substring.c">
			<Option compilerVar="CC" />
		</Unit>
		<Unit filename="find_substring.h" />
		<Unit filename="main.c">
			<Option compilerVar="CC" />
		</Unit>
		<Unit filename="shift_bit.c">
			<Option compilerVar="CC" />
		</Unit>
		<Unit filename="shift_bit.h" />
		<Extensions>
			<code_completion />
			<envvars />
			<debugger />
			<lib_finder disable_auto="1" />
		</Extensions>
	</Project>
</CodeBlocks_project_file>
